
Microsoft Visual Studio Solution File, Format Version 12.00
# Visual Studio Version 17
VisualStudioVersion = 17.0.31903.59
MinimumVisualStudioVersion = 10.0.40219.1
Project("{FAE04EC0-301F-11D3-BF4B-00C04F79EFBC}") = "Accounts", "..\Accounts\Accounts\Accounts.csproj", "{227427A5-89BE-462F-B41D-A085B1CC5B69}"
EndProject
Project("{FAE04EC0-301F-11D3-BF4B-00C04F79EFBC}") = "AssemblyLoading", "..\Accounts\AssemblyLoading\AssemblyLoading.csproj", "{8E26DCC9-92D1-432D-B4EA-08B817BA2DF5}"
EndProject
Project("{FAE04EC0-301F-11D3-BF4B-00C04F79EFBC}") = "Authentication", "..\Accounts\Authentication\Authentication.csproj", "{284DC202-B183-41AB-AA8A-73BA3464ADC9}"
EndProject
Project("{FAE04EC0-301F-11D3-BF4B-00C04F79EFBC}") = "Authentication.ResourceManager", "..\Accounts\Authentication.ResourceManager\Authentication.ResourceManager.csproj", "{DC875E65-B19C-441C-B08C-845D547AC105}"
EndProject
Project("{FAE04EC0-301F-11D3-BF4B-00C04F79EFBC}") = "AuthenticationAssemblyLoadContext", "..\Accounts\AuthenticationAssemblyLoadContext\AuthenticationAssemblyLoadContext.csproj", "{B0C2A3EF-B908-45BD-9486-24EECE9CA1D6}"
EndProject
Project("{FAE04EC0-301F-11D3-BF4B-00C04F79EFBC}") = "Authenticators", "..\Accounts\Authenticators\Authenticators.csproj", "{30460677-509C-46D2-BFC0-B8148772886F}"
EndProject
Project("{FAE04EC0-301F-11D3-BF4B-00C04F79EFBC}") = "Az.Databricks", "Az.Databricks.csproj", "{83C06B97-2862-4F4D-97F3-EDC9584735AA}"
EndProject
Global
	GlobalSection(SolutionConfigurationPlatforms) = preSolution
		Debug|Any CPU = Debug|Any CPU
		Release|Any CPU = Release|Any CPU
	EndGlobalSection
	GlobalSection(SolutionProperties) = preSolution
		HideSolutionNode = FALSE
	EndGlobalSection
	GlobalSection(ProjectConfigurationPlatforms) = postSolution
		{227427A5-89BE-462F-B41D-A085B1CC5B69}.Debug|Any CPU.ActiveCfg = Debug|Any CPU
		{227427A5-89BE-462F-B41D-A085B1CC5B69}.Debug|Any CPU.Build.0 = Debug|Any CPU
		{227427A5-89BE-462F-B41D-A085B1CC5B69}.Release|Any CPU.ActiveCfg = Release|Any CPU
		{227427A5-89BE-462F-B41D-A085B1CC5B69}.Release|Any CPU.Build.0 = Release|Any CPU
		{8E26DCC9-92D1-432D-B4EA-08B817BA2DF5}.Debug|Any CPU.ActiveCfg = Debug|Any CPU
		{8E26DCC9-92D1-432D-B4EA-08B817BA2DF5}.Debug|Any CPU.Build.0 = Debug|Any CPU
		{8E26DCC9-92D1-432D-B4EA-08B817BA2DF5}.Release|Any CPU.ActiveCfg = Release|Any CPU
		{8E26DCC9-92D1-432D-B4EA-08B817BA2DF5}.Release|Any CPU.Build.0 = Release|Any CPU
		{284DC202-B183-41AB-AA8A-73BA3464ADC9}.Debug|Any CPU.ActiveCfg = Debug|Any CPU
		{284DC202-B183-41AB-AA8A-73BA3464ADC9}.Debug|Any CPU.Build.0 = Debug|Any CPU
		{284DC202-B183-41AB-AA8A-73BA3464ADC9}.Release|Any CPU.ActiveCfg = Release|Any CPU
		{284DC202-B183-41AB-AA8A-73BA3464ADC9}.Release|Any CPU.Build.0 = Release|Any CPU
		{DC875E65-B19C-441C-B08C-845D547AC105}.Debug|Any CPU.ActiveCfg = Debug|Any CPU
		{DC875E65-B19C-441C-B08C-845D547AC105}.Debug|Any CPU.Build.0 = Debug|Any CPU
		{DC875E65-B19C-441C-B08C-845D547AC105}.Release|Any CPU.ActiveCfg = Release|Any CPU
		{DC875E65-B19C-441C-B08C-845D547AC105}.Release|Any CPU.Build.0 = Release|Any CPU
		{B0C2A3EF-B908-45BD-9486-24EECE9CA1D6}.Debug|Any CPU.ActiveCfg = Debug|Any CPU
		{B0C2A3EF-B908-45BD-9486-24EECE9CA1D6}.Debug|Any CPU.Build.0 = Debug|Any CPU
		{B0C2A3EF-B908-45BD-9486-24EECE9CA1D6}.Release|Any CPU.ActiveCfg = Release|Any CPU
		{B0C2A3EF-B908-45BD-9486-24EECE9CA1D6}.Release|Any CPU.Build.0 = Release|Any CPU
		{30460677-509C-46D2-BFC0-B8148772886F}.Debug|Any CPU.ActiveCfg = Debug|Any CPU
		{30460677-509C-46D2-BFC0-B8148772886F}.Debug|Any CPU.Build.0 = Debug|Any CPU
		{30460677-509C-46D2-BFC0-B8148772886F}.Release|Any CPU.ActiveCfg = Release|Any CPU
		{30460677-509C-46D2-BFC0-B8148772886F}.Release|Any CPU.Build.0 = Release|Any CPU
		{83C06B97-2862-4F4D-97F3-EDC9584735AA}.Debug|Any CPU.ActiveCfg = Debug|Any CPU
		{83C06B97-2862-4F4D-97F3-EDC9584735AA}.Debug|Any CPU.Build.0 = Debug|Any CPU
		{83C06B97-2862-4F4D-97F3-EDC9584735AA}.Release|Any CPU.ActiveCfg = Release|Any CPU
		{83C06B97-2862-4F4D-97F3-EDC9584735AA}.Release|Any CPU.Build.0 = Release|Any CPU
	EndGlobalSection
EndGlobal
